
Microsoft Visual Studio Solution File, Format Version 11.00
# Visual Studio 2010
Project("{FAE04EC0-301F-11D3-BF4B-00C04F79EFBC}") = "Assembly-CSharp", "Assembly-CSharp.csproj", "{43BA96A2-EF60-95B5-E5D8-5386BCA337BC}"
EndProject
Global
	GlobalSection(SolutionConfigurationPlatforms) = preSolution
		Debug|Any CPU = Debug|Any CPU
		Release|Any CPU = Release|Any CPU
	EndGlobalSection
	GlobalSection(ProjectConfigurationPlatforms) = postSolution
		{43BA96A2-EF60-95B5-E5D8-5386BCA337BC}.Debug|Any CPU.ActiveCfg = Debug|Any CPU
		{43BA96A2-EF60-95B5-E5D8-5386BCA337BC}.Debug|Any CPU.Build.0 = Debug|Any CPU
		{43BA96A2-EF60-95B5-E5D8-5386BCA337BC}.Release|Any CPU.ActiveCfg = Release|Any CPU
		{43BA96A2-EF60-95B5-E5D8-5386BCA337BC}.Release|Any CPU.Build.0 = Release|Any CPU
	EndGlobalSection
	GlobalSection(SolutionProperties) = preSolution
		HideSolutionNode = FALSE
	EndGlobalSection
EndGlobal
