
Microsoft Visual Studio Solution File, Format Version 12.00
# Visual Studio 2017
Project("{FAE04EC0-301F-11D3-BF4B-00C04F79EFBC}") = "QMathChallenge", "QMathChallenge.csproj", "{312A422E-2142-4D73-8ECA-89D9A88EC4C8}"
EndProject
Project("{FAE04EC0-301F-11D3-BF4B-00C04F79EFBC}") = "QLib", "..\QLib\QLib.csproj", "{D28F1BB4-F4DA-475A-B147-D3CDE58D0F81}"
EndProject
Global
	GlobalSection(SolutionConfigurationPlatforms) = preSolution
		Debug|Any CPU = Debug|Any CPU
		Release|Any CPU = Release|Any CPU
	EndGlobalSection
	GlobalSection(ProjectConfigurationPlatforms) = postSolution
		{312A422E-2142-4D73-8ECA-89D9A88EC4C8}.Debug|Any CPU.ActiveCfg = Debug|Any CPU
		{312A422E-2142-4D73-8ECA-89D9A88EC4C8}.Debug|Any CPU.Build.0 = Debug|Any CPU
		{312A422E-2142-4D73-8ECA-89D9A88EC4C8}.Release|Any CPU.ActiveCfg = Release|Any CPU
		{312A422E-2142-4D73-8ECA-89D9A88EC4C8}.Release|Any CPU.Build.0 = Release|Any CPU
		{D28F1BB4-F4DA-475A-B147-D3CDE58D0F81}.Debug|Any CPU.ActiveCfg = Debug|Any CPU
		{D28F1BB4-F4DA-475A-B147-D3CDE58D0F81}.Debug|Any CPU.Build.0 = Debug|Any CPU
		{D28F1BB4-F4DA-475A-B147-D3CDE58D0F81}.Release|Any CPU.ActiveCfg = Release|Any CPU
		{D28F1BB4-F4DA-475A-B147-D3CDE58D0F81}.Release|Any CPU.Build.0 = Release|Any CPU
	EndGlobalSection
EndGlobal
